
Microsoft Visual Studio Solution File, Format Version 12.00
# Visual Studio Version 17
VisualStudioVersion = 17.11.35303.130
MinimumVisualStudioVersion = 10.0.40219.1
Project("{FAE04EC0-301F-11D3-BF4B-00C04F79EFBC}") = "Study_C#", "Study_C#\Study_C#.csproj", "{BB18DEB9-CE41-477E-8575-AF84983C8C3F}"
EndProject
Global
	GlobalSection(SolutionConfigurationPlatforms) = preSolution
		Debug|Any CPU = Debug|Any CPU
		Release|Any CPU = Release|Any CPU
	EndGlobalSection
	GlobalSection(ProjectConfigurationPlatforms) = postSolution
		{BB18DEB9-CE41-477E-8575-AF84983C8C3F}.Debug|Any CPU.ActiveCfg = Debug|Any CPU
		{BB18DEB9-CE41-477E-8575-AF84983C8C3F}.Debug|Any CPU.Build.0 = Debug|Any CPU
		{BB18DEB9-CE41-477E-8575-AF84983C8C3F}.Release|Any CPU.ActiveCfg = Release|Any CPU
		{BB18DEB9-CE41-477E-8575-AF84983C8C3F}.Release|Any CPU.Build.0 = Release|Any CPU
	EndGlobalSection
	GlobalSection(SolutionProperties) = preSolution
		HideSolutionNode = FALSE
	EndGlobalSection
	GlobalSection(ExtensibilityGlobals) = postSolution
		SolutionGuid = {FDB1F79B-638E-4CB8-BD7A-0E4D415FEE65}
	EndGlobalSection
EndGlobal
